// !$*UTF8*$!
{
	archiveVersion = 1;
	classes = {
	};
	objectVersion = 46;
	objects = {

/* Begin PBXBuildFile section */
		89D8C30E1B6AA81F00790F52 /* AppDelegate.swift in Sources */ = {isa = PBXBuildFile; fileRef = 89D8C30D1B6AA81F00790F52 /* AppDelegate.swift */; };
		89D8C3111B6AA81F00790F52 /* tryingMovingObject.xcdatamodeld in Sources */ = {isa = PBXBuildFile; fileRef = 89D8C30F1B6AA81F00790F52 /* tryingMovingObject.xcdatamodeld */; };
		89D8C3131B6AA81F00790F52 /* ViewController.swift in Sources */ = {isa = PBXBuildFile; fileRef = 89D8C3121B6AA81F00790F52 /* ViewController.swift */; };
		89D8C3161B6AA81F00790F52 /* Main.storyboard in Resources */ = {isa = PBXBuildFile; fileRef = 89D8C3141B6AA81F00790F52 /* Main.storyboard */; };
		89D8C3181B6AA82000790F52 /* Images.xcassets in Resources */ = {isa = PBXBuildFile; fileRef = 89D8C3171B6AA82000790F52 /* Images.xcassets */; };
		89D8C31B1B6AA82000790F52 /* LaunchScreen.xib in Resources */ = {isa = PBXBuildFile; fileRef = 89D8C3191B6AA82000790F52 /* LaunchScreen.xib */; };
		89D8C3271B6AA82000790F52 /* tryingMovingObjectTests.swift in Sources */ = {isa = PBXBuildFile; fileRef = 89D8C3261B6AA82000790F52 /* tryingMovingObjectTests.swift */; };
/* End PBXBuildFile section */

/* Begin PBXContainerItemProxy section */
		89D8C3211B6AA82000790F52 /* PBXContainerItemProxy */ = {
			isa = PBXContainerItemProxy;
			containerPortal = 89D8C3001B6AA81F00790F52 /* Project object */;
			proxyType = 1;
			remoteGlobalIDString = 89D8C3071B6AA81F00790F52;
			remoteInfo = tryingMovingObject;
		};
/* End PBXContainerItemProxy section */

/* Begin PBXFileReference section */
		89D8C3081B6AA81F00790F52 /* tryingMovingObject.app */ = {isa = PBXFileReference; explicitFileType = wrapper.application; includeInIndex = 0; path = tryingMovingObject.app; sourceTree = BUILT_PRODUCTS_DIR; };
		89D8C30C1B6AA81F00790F52 /* Info.plist */ = {isa = PBXFileReference; lastKnownFileType = text.plist.xml; path = Info.plist; sourceTree = "<group>"; };
		89D8C30D1B6AA81F00790F52 /* AppDelegate.swift */ = {isa = PBXFileReference; lastKnownFileType = sourcecode.swift; path = AppDelegate.swift; sourceTree = "<group>"; };
		89D8C3101B6AA81F00790F52 /* tryingMovingObject.xcdatamodel */ = {isa = PBXFileReference; lastKnownFileType = wrapper.xcdatamodel; path = tryingMovingObject.xcdatamodel; sourceTree = "<group>"; };
		89D8C3121B6AA81F00790F52 /* ViewController.swift */ = {isa = PBXFileReference; lastKnownFileType = sourcecode.swift; path = ViewController.swift; sourceTree = "<group>"; };
		89D8C3151B6AA81F00790F52 /* Base */ = {isa = PBXFileReference; lastKnownFileType = file.storyboard; name = Base; path = Base.lproj/Main.storyboard; sourceTree = "<group>"; };
		89D8C3171B6AA82000790F52 /* Images.xcassets */ = {isa = PBXFileReference; lastKnownFileType = folder.assetcatalog; path = Images.xcassets; sourceTree = "<group>"; };
		89D8C31A1B6AA82000790F52 /* Base */ = {isa = PBXFileReference; lastKnownFileType = file.xib; name = Base; path = Base.lproj/LaunchScreen.xib; sourceTree = "<group>"; };
		89D8C3201B6AA82000790F52 /* tryingMovingObjectTests.xctest */ = {isa = PBXFileReference; explicitFileType = wrapper.cfbundle; includeInIndex = 0; path = tryingMovingObjectTests.xctest; sourceTree = BUILT_PRODUCTS_DIR; };
		89D8C3251B6AA82000790F52 /* Info.plist */ = {isa = PBXFileReference; lastKnownFileType = text.plist.xml; path = Info.plist; sourceTree = "<group>"; };
		89D8C3261B6AA82000790F52 /* tryingMovingObjectTests.swift */ = {isa = PBXFileReference; lastKnownFileType = sourcecode.swift; path = tryingMovingObjectTests.swift; sourceTree = "<group>"; };
/* End PBXFileReference section */

/* Begin PBXFrameworksBuildPhase section */
		89D8C3051B6AA81F00790F52 /* Frameworks */ = {
			isa = PBXFrameworksBuildPhase;
			buildActionMask = 2147483647;
			files = (
			);
			runOnlyForDeploymentPostprocessing = 0;
		};
		89D8C31D1B6AA82000790F52 /* Frameworks */ = {
			isa = PBXFrameworksBuildPhase;
			buildActionMask = 2147483647;
			files = (
			);
			runOnlyForDeploymentPostprocessing = 0;
		};
/* End PBXFrameworksBuildPhase section */

/* Begin PBXGroup section */
		89D8C2FF1B6AA81F00790F52 = {
			isa = PBXGroup;
			children = (
				89D8C30A1B6AA81F00790F52 /* tryingMovingObject */,
				89D8C3231B6AA82000790F52 /* tryingMovingObjectTests */,
				89D8C3091B6AA81F00790F52 /* Products */,
			);
			sourceTree = "<group>";
		};
		89D8C3091B6AA81F00790F52 /* Products */ = {
			isa = PBXGroup;
			children = (
				89D8C3081B6AA81F00790F52 /* tryingMovingObject.app */,
				89D8C3201B6AA82000790F52 /* tryingMovingObjectTests.xctest */,
			);
			name = Products;
			sourceTree = "<group>";
		};
		89D8C30A1B6AA81F00790F52 /* tryingMovingObject */ = {
			isa = PBXGroup;
			children = (
				89D8C30D1B6AA81F00790F52 /* AppDelegate.swift */,
				89D8C3121B6AA81F00790F52 /* ViewController.swift */,
				89D8C3141B6AA81F00790F52 /* Main.storyboard */,
				89D8C3171B6AA82000790F52 /* Images.xcassets */,
				89D8C3191B6AA82000790F52 /* LaunchScreen.xib */,
				89D8C30F1B6AA81F00790F52 /* tryingMovingObject.xcdatamodeld */,
				89D8C30B1B6AA81F00790F52 /* Supporting Files */,
			);
			path = tryingMovingObject;
			sourceTree = "<group>";
		};
		89D8C30B1B6AA81F00790F52 /* Supporting Files */ = {
			isa = PBXGroup;
			children = (
				89D8C30C1B6AA81F00790F52 /* Info.plist */,
			);
			name = "Supporting Files";
			sourceTree = "<group>";
		};
		89D8C3231B6AA82000790F52 /* tryingMovingObjectTests */ = {
			isa = PBXGroup;
			children = (
				89D8C3261B6AA82000790F52 /* tryingMovingObjectTests.swift */,
				89D8C3241B6AA82000790F52 /* Supporting Files */,
			);
			path = tryingMovingObjectTests;
			sourceTree = "<group>";
		};
		89D8C3241B6AA82000790F52 /* Supporting Files */ = {
			isa = PBXGroup;
			children = (
				89D8C3251B6AA82000790F52 /* Info.plist */,
			);
			name = "Supporting Files";
			sourceTree = "<group>";
		};
/* End PBXGroup section */

/* Begin PBXNativeTarget section */
		89D8C3071B6AA81F00790F52 /* tryingMovingObject */ = {
			isa = PBXNativeTarget;
			buildConfigurationList = 89D8C32A1B6AA82000790F52 /* Build configuration list for PBXNativeTarget "tryingMovingObject" */;
			buildPhases = (
				89D8C3041B6AA81F00790F52 /* Sources */,
				89D8C3051B6AA81F00790F52 /* Frameworks */,
				89D8C3061B6AA81F00790F52 /* Resources */,
			);
			buildRules = (
			);
			dependencies = (
			);
			name = tryingMovingObject;
			productName = tryingMovingObject;
			productReference = 89D8C3081B6AA81F00790F52 /* tryingMovingObject.app */;
			productType = "com.apple.product-type.application";
		};
		89D8C31F1B6AA82000790F52 /* tryingMovingObjectTests */ = {
			isa = PBXNativeTarget;
			buildConfigurationList = 89D8C32D1B6AA82000790F52 /* Build configuration list for PBXNativeTarget "tryingMovingObjectTests" */;
			buildPhases = (
				89D8C31C1B6AA82000790F52 /* Sources */,
				89D8C31D1B6AA82000790F52 /* Frameworks */,
				89D8C31E1B6AA82000790F52 /* Resources */,
			);
			buildRules = (
			);
			dependencies = (
				89D8C3221B6AA82000790F52 /* PBXTargetDependency */,
			);
			name = tryingMovingObjectTests;
			productName = tryingMovingObjectTests;
			productReference = 89D8C3201B6AA82000790F52 /* tryingMovingObjectTests.xctest */;
			productType = "com.apple.product-type.bundle.unit-test";
		};
/* End PBXNativeTarget section */

/* Begin PBXProject section */
		89D8C3001B6AA81F00790F52 /* Project object */ = {
			isa = PBXProject;
			attributes = {
				LastUpgradeCheck = 0640;
				ORGANIZATIONNAME = "Febria Roosita Dwi";
				TargetAttributes = {
					89D8C3071B6AA81F00790F52 = {
						CreatedOnToolsVersion = 6.4;
					};
					89D8C31F1B6AA82000790F52 = {
						CreatedOnToolsVersion = 6.4;
						TestTargetID = 89D8C3071B6AA81F00790F52;
					};
				};
			};
			buildConfigurationList = 89D8C3031B6AA81F00790F52 /* Build configuration list for PBXProject "tryingMovingObject" */;
			compatibilityVersion = "Xcode 3.2";
			developmentRegion = English;
			hasScannedForEncodings = 0;
			knownRegions = (
				en,
				Base,
			);
			mainGroup = 89D8C2FF1B6AA81F00790F52;
			productRefGroup = 89D8C3091B6AA81F00790F52 /* Products */;
			projectDirPath = "";
			projectRoot = "";
			targets = (
				89D8C3071B6AA81F00790F52 /* tryingMovingObject */,
				89D8C31F1B6AA82000790F52 /* tryingMovingObjectTests */,
			);
		};
/* End PBXProject section */

/* Begin PBXResourcesBuildPhase section */
		89D8C3061B6AA81F00790F52 /* Resources */ = {
			isa = PBXResourcesBuildPhase;
			buildActionMask = 2147483647;
			files = (
				89D8C3161B6AA81F00790F52 /* Main.storyboard in Resources */,
				89D8C31B1B6AA82000790F52 /* LaunchScreen.xib in Resources */,
				89D8C3181B6AA82000790F52 /* Images.xcassets in Resources */,
			);
			runOnlyForDeploymentPostprocessing = 0;
		};
		89D8C31E1B6AA82000790F52 /* Resources */ = {
			isa = PBXResourcesBuildPhase;
			buildActionMask = 2147483647;
			files = (
			);
			runOnlyForDeploymentPostprocessing = 0;
		};
/* End PBXResourcesBuildPhase section */

/* Begin PBXSourcesBuildPhase section */
		89D8C3041B6AA81F00790F52 /* Sources */ = {
			isa = PBXSourcesBuildPhase;
			buildActionMask = 2147483647;
			files = (
				89D8C3131B6AA81F00790F52 /* ViewController.swift in Sources */,
				89D8C30E1B6AA81F00790F52 /* AppDelegate.swift in Sources */,
				89D8C3111B6AA81F00790F52 /* tryingMovingObject.xcdatamodeld in Sources */,
			);
			runOnlyForDeploymentPostprocessing = 0;
		};
		89D8C31C1B6AA82000790F52 /* Sources */ = {
			isa = PBXSourcesBuildPhase;
			buildActionMask = 2147483647;
			files = (
				89D8C3271B6AA82000790F52 /* tryingMovingObjectTests.swift in Sources */,
			);
			runOnlyForDeploymentPostprocessing = 0;
		};
/* End PBXSourcesBuildPhase section */

/* Begin PBXTargetDependency section */
		89D8C3221B6AA82000790F52 /* PBXTargetDependency */ = {
			isa = PBXTargetDependency;
			target = 89D8C3071B6AA81F00790F52 /* tryingMovingObject */;
			targetProxy = 89D8C3211B6AA82000790F52 /* PBXContainerItemProxy */;
		};
/* End PBXTargetDependency section */

/* Begin PBXVariantGroup section */
		89D8C3141B6AA81F00790F52 /* Main.storyboard */ = {
			isa = PBXVariantGroup;
			children = (
				89D8C3151B6AA81F00790F52 /* Base */,
			);
			name = Main.storyboard;
			sourceTree = "<group>";
		};
		89D8C3191B6AA82000790F52 /* LaunchScreen.xib */ = {
			isa = PBXVariantGroup;
			children = (
				89D8C31A1B6AA82000790F52 /* Base */,
			);
			name = LaunchScreen.xib;
			sourceTree = "<group>";
		};
/* End PBXVariantGroup section */

/* Begin XCBuildConfiguration section */
		89D8C3281B6AA82000790F52 /* Debug */ = {
			isa = XCBuildConfiguration;
			buildSettings = {
				ALWAYS_SEARCH_USER_PATHS = NO;
				CLANG_CXX_LANGUAGE_STANDARD = "gnu++0x";
				CLANG_CXX_LIBRARY = "libc++";
				CLANG_ENABLE_MODULES = YES;
				CLANG_ENABLE_OBJC_ARC = YES;
				CLANG_WARN_BOOL_CONVERSION = YES;
				CLANG_WARN_CONSTANT_CONVERSION = YES;
				CLANG_WARN_DIRECT_OBJC_ISA_USAGE = YES_ERROR;
				CLANG_WARN_EMPTY_BODY = YES;
				CLANG_WARN_ENUM_CONVERSION = YES;
				CLANG_WARN_INT_CONVERSION = YES;
				CLANG_WARN_OBJC_ROOT_CLASS = YES_ERROR;
				CLANG_WARN_UNREACHABLE_CODE = YES;
				CLANG_WARN__DUPLICATE_METHOD_MATCH = YES;
				"CODE_SIGN_IDENTITY[sdk=iphoneos*]" = "iPhone Developer";
				COPY_PHASE_STRIP = NO;
				DEBUG_INFORMATION_FORMAT = "dwarf-with-dsym";
				ENABLE_STRICT_OBJC_MSGSEND = YES;
				GCC_C_LANGUAGE_STANDARD = gnu99;
				GCC_DYNAMIC_NO_PIC = NO;
				GCC_NO_COMMON_BLOCKS = YES;
				GCC_OPTIMIZATION_LEVEL = 0;
				GCC_PREPROCESSOR_DEFINITIONS = (
					"DEBUG=1",
					"$(inherited)",
				);
				GCC_SYMBOLS_PRIVATE_EXTERN = NO;
				GCC_WARN_64_TO_32_BIT_CONVERSION = YES;
				GCC_WARN_ABOUT_RETURN_TYPE = YES_ERROR;
				GCC_WARN_UNDECLARED_SELECTOR = YES;
				GCC_WARN_UNINITIALIZED_AUTOS = YES_AGGRESSIVE;
				GCC_WARN_UNUSED_FUNCTION = YES;
				GCC_WARN_UNUSED_VARIABLE = YES;
				IPHONEOS_DEPLOYMENT_TARGET = 8.4;
				MTL_ENABLE_DEBUG_INFO = YES;
				ONLY_ACTIVE_ARCH = YES;
				SDKROOT = iphoneos;
				SWIFT_OPTIMIZATION_LEVEL = "-Onone";
				TARGETED_DEVICE_FAMILY = "1,2";
			};
			name = Debug;
		};
		89D8C3291B6AA82000790F52 /* Release */ = {
			isa = XCBuildConfiguration;
			buildSettings = {
				ALWAYS_SEARCH_USER_PATHS = NO;
				CLANG_CXX_LANGUAGE_STANDARD = "gnu++0x";
				CLANG_CXX_LIBRARY = "libc++";
				CLANG_ENABLE_MODULES = YES;
				CLANG_ENABLE_OBJC_ARC = YES;
				CLANG_WARN_BOOL_CONVERSION = YES;
				CLANG_WARN_CONSTANT_CONVERSION = YES;
				CLANG_WARN_DIRECT_OBJC_ISA_USAGE = YES_ERROR;
				CLANG_WARN_EMPTY_BODY = YES;
				CLANG_WARN_ENUM_CONVERSION = YES;
				CLANG_WARN_INT_CONVERSION = YES;
				CLANG_WARN_OBJC_ROOT_CLASS = YES_ERROR;
				CLANG_WARN_UNREACHABLE_CODE = YES;
				CLANG_WARN__DUPLICATE_METHOD_MATCH = YES;
				"CODE_SIGN_IDENTITY[sdk=iphoneos*]" = "iPhone Developer";
				COPY_PHASE_STRIP = NO;
				DEBUG_INFORMATION_FORMAT = "dwarf-with-dsym";
				ENABLE_NS_ASSERTIONS = NO;
				ENABLE_STRICT_OBJC_MSGSEND = YES;
				GCC_C_LANGUAGE_STANDARD = gnu99;
				GCC_NO_COMMON_BLOCKS = YES;
				GCC_WARN_64_TO_32_BIT_CONVERSION = YES;
				GCC_WARN_ABOUT_RETURN_TYPE = YES_ERROR;
				GCC_WARN_UNDECLARED_SELECTOR = YES;
				GCC_WARN_UNINITIALIZED_AUTOS = YES_AGGRESSIVE;
				GCC_WARN_UNUSED_FUNCTION = YES;
				GCC_WARN_UNUSED_VARIABLE = YES;
				IPHONEOS_DEPLOYMENT_TARGET = 8.4;
				MTL_ENABLE_DEBUG_INFO = NO;
				SDKROOT = iphoneos;
				TARGETED_DEVICE_FAMILY = "1,2";
				VALIDATE_PRODUCT = YES;
			};
			name = Release;
		};
		89D8C32B1B6AA82000790F52 /* Debug */ = {
			isa = XCBuildConfiguration;
			buildSettings = {
				ASSETCATALOG_COMPILER_APPICON_NAME = AppIcon;
				INFOPLIST_FILE = tryingMovingObject/Info.plist;
				LD_RUNPATH_SEARCH_PATHS = "$(inherited) @executable_path/Frameworks";
				PRODUCT_NAME = "$(TARGET_NAME)";
			};
			name = Debug;
		};
		89D8C32C1B6AA82000790F52 /* Release */ = {
			isa = XCBuildConfiguration;
			buildSettings = {
				ASSETCATALOG_COMPILER_APPICON_NAME = AppIcon;
				INFOPLIST_FILE = tryingMovingObject/Info.plist;
				LD_RUNPATH_SEARCH_PATHS = "$(inherited) @executable_path/Frameworks";
				PRODUCT_NAME = "$(TARGET_NAME)";
			};
			name = Release;
		};
		89D8C32E1B6AA82000790F52 /* Debug */ = {
			isa = XCBuildConfiguration;
			buildSettings = {
				BUNDLE_LOADER = "$(TEST_HOST)";
				FRAMEWORK_SEARCH_PATHS = (
					"$(SDKROOT)/Developer/Library/Frameworks",
					"$(inherited)",
				);
				GCC_PREPROCESSOR_DEFINITIONS = (
					"DEBUG=1",
					"$(inherited)",
				);
				INFOPLIST_FILE = tryingMovingObjectTests/Info.plist;
				LD_RUNPATH_SEARCH_PATHS = "$(inherited) @executable_path/Frameworks @loader_path/Frameworks";
				PRODUCT_NAME = "$(TARGET_NAME)";
				TEST_HOST = "$(BUILT_PRODUCTS_DIR)/tryingMovingObject.app/tryingMovingObject";
			};
			name = Debug;
		};
		89D8C32F1B6AA82000790F52 /* Release */ = {
			isa = XCBuildConfiguration;
			buildSettings = {
				BUNDLE_LOADER = "$(TEST_HOST)";
				FRAMEWORK_SEARCH_PATHS = (
					"$(SDKROOT)/Developer/Library/Frameworks",
					"$(inherited)",
				);
				INFOPLIST_FILE = tryingMovingObjectTests/Info.plist;
				LD_RUNPATH_SEARCH_PATHS = "$(inherited) @executable_path/Frameworks @loader_path/Frameworks";
				PRODUCT_NAME = "$(TARGET_NAME)";
				TEST_HOST = "$(BUILT_PRODUCTS_DIR)/tryingMovingObject.app/tryingMovingObject";
			};
			name = Release;
		};
/* End XCBuildConfiguration section */

/* Begin XCConfigurationList section */
		89D8C3031B6AA81F00790F52 /* Build configuration list for PBXProject "tryingMovingObject" */ = {
			isa = XCConfigurationList;
			buildConfigurations = (
				89D8C3281B6AA82000790F52 /* Debug */,
				89D8C3291B6AA82000790F52 /* Release */,
			);
			defaultConfigurationIsVisible = 0;
			defaultConfigurationName = Release;
		};
		89D8C32A1B6AA82000790F52 /* Build configuration list for PBXNativeTarget "tryingMovingObject" */ = {
			isa = XCConfigurationList;
			buildConfigurations = (
				89D8C32B1B6AA82000790F52 /* Debug */,
				89D8C32C1B6AA82000790F52 /* Release */,
			);
			defaultConfigurationIsVisible = 0;
		};
		89D8C32D1B6AA82000790F52 /* Build configuration list for PBXNativeTarget "tryingMovingObjectTests" */ = {
			isa = XCConfigurationList;
			buildConfigurations = (
				89D8C32E1B6AA82000790F52 /* Debug */,
				89D8C32F1B6AA82000790F52 /* Release */,
			);
			defaultConfigurationIsVisible = 0;
		};
/* End XCConfigurationList section */

/* Begin XCVersionGroup section */
		89D8C30F1B6AA81F00790F52 /* tryingMovingObject.xcdatamodeld */ = {
			isa = XCVersionGroup;
			children = (
				89D8C3101B6AA81F00790F52 /* tryingMovingObject.xcdatamodel */,
			);
			currentVersion = 89D8C3101B6AA81F00790F52 /* tryingMovingObject.xcdatamodel */;
			path = tryingMovingObject.xcdatamodeld;
			sourceTree = "<group>";
			versionGroupType = wrapper.xcdatamodel;
		};
/* End XCVersionGroup section */
	};
	rootObject = 89D8C3001B6AA81F00790F52 /* Project object */;
}
